Articles:
<?php for($i = 0; $i<10; $i++) : ?>
  article_<?php echo $i ?>:
    type: article
    title:  Articulo_<?php echo $i."\n" ?>
    content: contenido
    published: true
    featured: <?php echo ($i & 1)."\n" ?>
    image: ~
    metadata:
      resume: resumen del articulo_<?php echo $i."\n" ?>
<?php endfor; ?>

Pages:
  page_0:
    type: page
    title:  Home
    slug: home
    content: home content
    published: true
    featured: 1
    image: ~
    metadata:

  page_1:
    type: page
    title:  Contacto
    slug: contacto
    content: contacto content
    published: true
    featured: 1
    image: ~
    metadata:

<?php for($i = 2; $i<10; $i++) : ?>
  page_<?php echo $i ?>:
    type: page
    title:  Pagina_<?php echo $i."\n" ?>
    content: contenido
    published: true
    featured: <?php echo ($i & 1)."\n" ?>
    image: ~
    metadata:
<?php endfor; ?>
